
Microsoft Visual Studio Solution File, Format Version 12.00
# Visual Studio Version 16
VisualStudioVersion = 16.0.30517.126
MinimumVisualStudioVersion = 10.0.40219.1
Project("{FAE04EC0-301F-11D3-BF4B-00C04F79EFBC}") = "GCB", "GCB\GCB.csproj", "{CE2CA0E9-DE86-404B-9069-817281E25441}"
EndProject
Global
	GlobalSection(SolutionConfigurationPlatforms) = preSolution
		Debug|Any CPU = Debug|Any CPU
		Release|Any CPU = Release|Any CPU
	EndGlobalSection
	GlobalSection(ProjectConfigurationPlatforms) = postSolution
		{CE2CA0E9-DE86-404B-9069-817281E25441}.Debug|Any CPU.ActiveCfg = Debug|Any CPU
		{CE2CA0E9-DE86-404B-9069-817281E25441}.Debug|Any CPU.Build.0 = Debug|Any CPU
		{CE2CA0E9-DE86-404B-9069-817281E25441}.Release|Any CPU.ActiveCfg = Release|Any CPU
		{CE2CA0E9-DE86-404B-9069-817281E25441}.Release|Any CPU.Build.0 = Release|Any CPU
	EndGlobalSection
	GlobalSection(SolutionProperties) = preSolution
		HideSolutionNode = FALSE
	EndGlobalSection
	GlobalSection(ExtensibilityGlobals) = postSolution
		SolutionGuid = {069DF7EA-5888-4C76-ADE4-F7BD930296A5}
	EndGlobalSection
EndGlobal
